
Microsoft Visual Studio Solution File, Format Version 10.00
# Visual Studio 2008
Project("{FAE04EC0-301F-11D3-BF4B-00C04F79EFBC}") = "Presentation", "QLNS\Presentation.csproj", "{3CE3D708-1384-4443-90C8-800492EB8241}"
EndProject
Project("{FAE04EC0-301F-11D3-BF4B-00C04F79EFBC}") = "DAO", "DAO\DAO.csproj", "{D45B74FD-2045-426C-B3BD-C86756CB6003}"
EndProject
Project("{FAE04EC0-301F-11D3-BF4B-00C04F79EFBC}") = "DTO", "DTO\DTO.csproj", "{4BC00126-5A80-4CFE-AC2D-D61A6B03A5DF}"
EndProject
Project("{FAE04EC0-301F-11D3-BF4B-00C04F79EFBC}") = "BUS", "Project1\BUS.csproj", "{7BD2D1A3-FF54-4246-9CDE-F0407EFFA701}"
EndProject
Global
	GlobalSection(SolutionConfigurationPlatforms) = preSolution
		Debug|Any CPU = Debug|Any CPU
		Release|Any CPU = Release|Any CPU
	EndGlobalSection
	GlobalSection(ProjectConfigurationPlatforms) = postSolution
		{3CE3D708-1384-4443-90C8-800492EB8241}.Debug|Any CPU.ActiveCfg = Debug|Any CPU
		{3CE3D708-1384-4443-90C8-800492EB8241}.Debug|Any CPU.Build.0 = Debug|Any CPU
		{3CE3D708-1384-4443-90C8-800492EB8241}.Release|Any CPU.ActiveCfg = Release|Any CPU
		{3CE3D708-1384-4443-90C8-800492EB8241}.Release|Any CPU.Build.0 = Release|Any CPU
		{D45B74FD-2045-426C-B3BD-C86756CB6003}.Debug|Any CPU.ActiveCfg = Debug|Any CPU
		{D45B74FD-2045-426C-B3BD-C86756CB6003}.Debug|Any CPU.Build.0 = Debug|Any CPU
		{D45B74FD-2045-426C-B3BD-C86756CB6003}.Release|Any CPU.ActiveCfg = Release|Any CPU
		{D45B74FD-2045-426C-B3BD-C86756CB6003}.Release|Any CPU.Build.0 = Release|Any CPU
		{4BC00126-5A80-4CFE-AC2D-D61A6B03A5DF}.Debug|Any CPU.ActiveCfg = Debug|Any CPU
		{4BC00126-5A80-4CFE-AC2D-D61A6B03A5DF}.Debug|Any CPU.Build.0 = Debug|Any CPU
		{4BC00126-5A80-4CFE-AC2D-D61A6B03A5DF}.Release|Any CPU.ActiveCfg = Release|Any CPU
		{4BC00126-5A80-4CFE-AC2D-D61A6B03A5DF}.Release|Any CPU.Build.0 = Release|Any CPU
		{7BD2D1A3-FF54-4246-9CDE-F0407EFFA701}.Debug|Any CPU.ActiveCfg = Debug|Any CPU
		{7BD2D1A3-FF54-4246-9CDE-F0407EFFA701}.Debug|Any CPU.Build.0 = Debug|Any CPU
		{7BD2D1A3-FF54-4246-9CDE-F0407EFFA701}.Release|Any CPU.ActiveCfg = Release|Any CPU
		{7BD2D1A3-FF54-4246-9CDE-F0407EFFA701}.Release|Any CPU.Build.0 = Release|Any CPU
	EndGlobalSection
	GlobalSection(SolutionProperties) = preSolution
		HideSolutionNode = FALSE
	EndGlobalSection
EndGlobal
